
Microsoft Visual Studio Solution File, Format Version 12.00
# Visual Studio 15
VisualStudioVersion = 15.0.28307.1259
MinimumVisualStudioVersion = 10.0.40219.1
Project("{FAE04EC0-301F-11D3-BF4B-00C04F79EFBC}") = "ExploreTogether", "ExploreTogether\ExploreTogether.csproj", "{7E3CBF7E-88D8-4AF7-9814-9CAC9FC530BC}"
EndProject
Global
	GlobalSection(SolutionConfigurationPlatforms) = preSolution
		Debug|Any CPU = Debug|Any CPU
		Release|Any CPU = Release|Any CPU
	EndGlobalSection
	GlobalSection(ProjectConfigurationPlatforms) = postSolution
		{7E3CBF7E-88D8-4AF7-9814-9CAC9FC530BC}.Debug|Any CPU.ActiveCfg = Debug|Any CPU
		{7E3CBF7E-88D8-4AF7-9814-9CAC9FC530BC}.Debug|Any CPU.Build.0 = Debug|Any CPU
		{7E3CBF7E-88D8-4AF7-9814-9CAC9FC530BC}.Release|Any CPU.ActiveCfg = Release|Any CPU
		{7E3CBF7E-88D8-4AF7-9814-9CAC9FC530BC}.Release|Any CPU.Build.0 = Release|Any CPU
	EndGlobalSection
	GlobalSection(SolutionProperties) = preSolution
		HideSolutionNode = FALSE
	EndGlobalSection
	GlobalSection(ExtensibilityGlobals) = postSolution
		SolutionGuid = {5E64EFFC-D635-4DFA-8107-2E217687F98B}
	EndGlobalSection
EndGlobal
